hash: cf9d60bc0bc4242eb325e0e50a69899a6fd3983e6f3fd8a7b4ea044d3a33869d
updated: 2017-03-27T10:01:46.317691185-04:00
imports:
- name: github.com/beevik/etree
  version: 1095c300fba68cb7f7895c0f96b2d34927f8115b
- name: github.com/bndr/gojenkins
  version: e382c473d54579ec553faef489b241c33f041a85
- name: github.com/clbanning/mxj
  version: 22530e716d50d5578f97046c8b43461009edd585
- name: github.com/fatih/structs
  version: a720dfa8df582c51dee1b36feabb906bde1588bd
- name: github.com/gorilla/schema
  version: f3c80893412cff6b5596a82f3cb8c31c5a971aa9
- name: github.com/inconshreveable/mousetrap
  version: 76626ae9c91c4f2a10f34cad8ce83ea42c93bb75
- name: github.com/julienschmidt/httprouter
  version: 8c199fb6259ffc1af525cc3ad52ee60ba8359669
- name: github.com/spf13/cobra
  version: 7be4beda01ec05d0b93d80b3facd2b6f44080d94
- name: github.com/spf13/pflag
  version: d90f37a48761fe767528f31db1955e4f795d652f
- name: golang.org/x/net
  version: 6c23252515492caf9b228a9d5cabcdbde29f7f82
  subpackages:
  - html
  - html/atom
testImports: []
