# This file is autogenerated, do not edit; changes may be undone by the next 'dep ensure'.


[[projects]]
  branch = "master"
  name = "github.com/alecthomas/log4go"
  packages = ["."]
  revision = "d146e6b86faab5f7e4d135cc63b749d74bf0d4a6"

[[projects]]
  name = "github.com/beevik/etree"
  packages = ["."]
  revision = "1095c300fba68cb7f7895c0f96b2d34927f8115b"

[[projects]]
  name = "github.com/bndr/gojenkins"
  packages = ["."]
  revision = "e382c473d54579ec553faef489b241c33f041a85"

[[projects]]
  name = "github.com/gorilla/schema"
  packages = ["."]
  revision = "f3c80893412cff6b5596a82f3cb8c31c5a971aa9"

[[projects]]
  name = "github.com/inconshreveable/mousetrap"
  packages = ["."]
  revision = "76626ae9c91c4f2a10f34cad8ce83ea42c93bb75"
  version = "v1.0"

[[projects]]
  name = "github.com/julienschmidt/httprouter"
  packages = ["."]
  revision = "8c199fb6259ffc1af525cc3ad52ee60ba8359669"
  version = "v1.1"

[[projects]]
  name = "github.com/spf13/cobra"
  packages = ["."]
  revision = "7be4beda01ec05d0b93d80b3facd2b6f44080d94"

[[projects]]
  name = "github.com/spf13/pflag"
  packages = ["."]
  revision = "d90f37a48761fe767528f31db1955e4f795d652f"

[[projects]]
  name = "golang.org/x/net"
  packages = [
    "html",
    "html/atom"
  ]
  revision = "6c23252515492caf9b228a9d5cabcdbde29f7f82"

[solve-meta]
  analyzer-name = "dep"
  analyzer-version = 1
  inputs-digest = "d6e105a3c80837d33ebc3820abbdc517c8c85a4725dec6fbfdc04fb3f9b7304f"
  solver-name = "gps-cdcl"
  solver-version = 1
